
Microsoft Visual Studio Solution File, Format Version 12.00
# Visual Studio Version 16
VisualStudioVersion = 16.0.808.0
MinimumVisualStudioVersion = 10.0.40219.1
Project("{FAE04EC0-301F-11D3-BF4B-00C04F79EFBC}") = "OreganCoAPI", "OreganCoAPI.csproj", "{AD655110-04DD-436D-87B8-E2A9285D4C0B}"
EndProject
Global
	GlobalSection(SolutionConfigurationPlatforms) = preSolution
		Debug|Any CPU = Debug|Any CPU
		Release|Any CPU = Release|Any CPU
	EndGlobalSection
	GlobalSection(ProjectConfigurationPlatforms) = postSolution
		{AD655110-04DD-436D-87B8-E2A9285D4C0B}.Debug|Any CPU.ActiveCfg = Debug|Any CPU
		{AD655110-04DD-436D-87B8-E2A9285D4C0B}.Debug|Any CPU.Build.0 = Debug|Any CPU
		{AD655110-04DD-436D-87B8-E2A9285D4C0B}.Release|Any CPU.ActiveCfg = Release|Any CPU
		{AD655110-04DD-436D-87B8-E2A9285D4C0B}.Release|Any CPU.Build.0 = Release|Any CPU
	EndGlobalSection
	GlobalSection(SolutionProperties) = preSolution
		HideSolutionNode = FALSE
	EndGlobalSection
	GlobalSection(ExtensibilityGlobals) = postSolution
		SolutionGuid = {0EE454B2-DD86-436B-83F3-F9C5A77E5694}
	EndGlobalSection
EndGlobal
